
Microsoft Visual Studio Solution File, Format Version 12.00
# Visual Studio 15
VisualStudioVersion = 15.0.26730.16
MinimumVisualStudioVersion = 10.0.40219.1
Project("{FAE04EC0-301F-11D3-BF4B-00C04F79EFBC}") = "MusicBeeAPI-TCP", "MusicBeeAPI-TCP\MusicBeeAPI-TCP.csproj", "{0AD5D7F6-8D43-42F7-B51D-204079C02C71}"
EndProject
Global
	GlobalSection(SolutionConfigurationPlatforms) = preSolution
		Debug|Any CPU = Debug|Any CPU
		Release|Any CPU = Release|Any CPU
	EndGlobalSection
	GlobalSection(ProjectConfigurationPlatforms) = postSolution
		{0AD5D7F6-8D43-42F7-B51D-204079C02C71}.Debug|Any CPU.ActiveCfg = Debug|Any CPU
		{0AD5D7F6-8D43-42F7-B51D-204079C02C71}.Debug|Any CPU.Build.0 = Debug|Any CPU
		{0AD5D7F6-8D43-42F7-B51D-204079C02C71}.Release|Any CPU.ActiveCfg = Release|Any CPU
		{0AD5D7F6-8D43-42F7-B51D-204079C02C71}.Release|Any CPU.Build.0 = Release|Any CPU
	EndGlobalSection
	GlobalSection(SolutionProperties) = preSolution
		HideSolutionNode = FALSE
	EndGlobalSection
	GlobalSection(ExtensibilityGlobals) = postSolution
		SolutionGuid = {19DFCAF3-8974-4A47-9AE3-9862733E2F51}
	EndGlobalSection
EndGlobal
